
Microsoft Visual Studio Solution File, Format Version 12.00
# Visual Studio Version 17
VisualStudioVersion = 17.10.35004.147
MinimumVisualStudioVersion = 10.0.40219.1
Project("{FAE04EC0-301F-11D3-BF4B-00C04F79EFBC}") = "Практика_модуль1_задание2", "Практика_модуль1_задание2.csproj", "{B989127B-4989-4686-A9A4-082C555487F7}"
EndProject
Global
	GlobalSection(SolutionConfigurationPlatforms) = preSolution
		Debug|Any CPU = Debug|Any CPU
		Release|Any CPU = Release|Any CPU
	EndGlobalSection
	GlobalSection(ProjectConfigurationPlatforms) = postSolution
		{B989127B-4989-4686-A9A4-082C555487F7}.Debug|Any CPU.ActiveCfg = Debug|Any CPU
		{B989127B-4989-4686-A9A4-082C555487F7}.Debug|Any CPU.Build.0 = Debug|Any CPU
		{B989127B-4989-4686-A9A4-082C555487F7}.Release|Any CPU.ActiveCfg = Release|Any CPU
		{B989127B-4989-4686-A9A4-082C555487F7}.Release|Any CPU.Build.0 = Release|Any CPU
	EndGlobalSection
	GlobalSection(SolutionProperties) = preSolution
		HideSolutionNode = FALSE
	EndGlobalSection
	GlobalSection(ExtensibilityGlobals) = postSolution
		SolutionGuid = {E34F2561-4786-4EC8-B0F2-A23170C31C9C}
	EndGlobalSection
EndGlobal
