
Microsoft Visual Studio Solution File, Format Version 12.00
# Visual Studio Version 17
VisualStudioVersion = 17.10.35004.147
MinimumVisualStudioVersion = 10.0.40219.1
Project("{FAE04EC0-301F-11D3-BF4B-00C04F79EFBC}") = "Практика_модуль1_задание3", "Практика_модуль1_задание3.csproj", "{F4E8E2E6-A637-46E2-A062-28E5562CEBE9}"
EndProject
Global
	GlobalSection(SolutionConfigurationPlatforms) = preSolution
		Debug|Any CPU = Debug|Any CPU
		Release|Any CPU = Release|Any CPU
	EndGlobalSection
	GlobalSection(ProjectConfigurationPlatforms) = postSolution
		{F4E8E2E6-A637-46E2-A062-28E5562CEBE9}.Debug|Any CPU.ActiveCfg = Debug|Any CPU
		{F4E8E2E6-A637-46E2-A062-28E5562CEBE9}.Debug|Any CPU.Build.0 = Debug|Any CPU
		{F4E8E2E6-A637-46E2-A062-28E5562CEBE9}.Release|Any CPU.ActiveCfg = Release|Any CPU
		{F4E8E2E6-A637-46E2-A062-28E5562CEBE9}.Release|Any CPU.Build.0 = Release|Any CPU
	EndGlobalSection
	GlobalSection(SolutionProperties) = preSolution
		HideSolutionNode = FALSE
	EndGlobalSection
	GlobalSection(ExtensibilityGlobals) = postSolution
		SolutionGuid = {CBB222EC-16AE-4036-872F-D4650FC1FA5E}
	EndGlobalSection
EndGlobal
